
Microsoft Visual Studio Solution File, Format Version 12.00
# Visual Studio Version 16
VisualStudioVersion = 16.0.29025.244
MinimumVisualStudioVersion = 10.0.40219.1
Project("{FAE04EC0-301F-11D3-BF4B-00C04F79EFBC}") = "BrownieMonitorGui", "BrownieMonitorGui\BrownieMonitorGui.csproj", "{6A8C993A-0B9E-44CA-8EBC-0DFE04F3657E}"
EndProject
Project("{9092AA53-FB77-4645-B42D-1CCCA6BD08BD}") = "BrownieMonitorNodeJs", "BrownieMonitorNodeJs\BrownieMonitorNodeJs.njsproj", "{EA1D2B7C-1709-4092-BE9B-12D7960FE9AB}"
EndProject
Global
	GlobalSection(SolutionConfigurationPlatforms) = preSolution
		Debug|Any CPU = Debug|Any CPU
		Release|Any CPU = Release|Any CPU
	EndGlobalSection
	GlobalSection(ProjectConfigurationPlatforms) = postSolution
		{6A8C993A-0B9E-44CA-8EBC-0DFE04F3657E}.Debug|Any CPU.ActiveCfg = Debug|Any CPU
		{6A8C993A-0B9E-44CA-8EBC-0DFE04F3657E}.Debug|Any CPU.Build.0 = Debug|Any CPU
		{6A8C993A-0B9E-44CA-8EBC-0DFE04F3657E}.Release|Any CPU.ActiveCfg = Release|Any CPU
		{6A8C993A-0B9E-44CA-8EBC-0DFE04F3657E}.Release|Any CPU.Build.0 = Release|Any CPU
		{EA1D2B7C-1709-4092-BE9B-12D7960FE9AB}.Debug|Any CPU.ActiveCfg = Debug|Any CPU
		{EA1D2B7C-1709-4092-BE9B-12D7960FE9AB}.Debug|Any CPU.Build.0 = Debug|Any CPU
		{EA1D2B7C-1709-4092-BE9B-12D7960FE9AB}.Release|Any CPU.ActiveCfg = Release|Any CPU
		{EA1D2B7C-1709-4092-BE9B-12D7960FE9AB}.Release|Any CPU.Build.0 = Release|Any CPU
	EndGlobalSection
	GlobalSection(SolutionProperties) = preSolution
		HideSolutionNode = FALSE
	EndGlobalSection
	GlobalSection(ExtensibilityGlobals) = postSolution
		SolutionGuid = {40FD5F09-A12D-48AB-BD8D-0F85FEE3D4F0}
	EndGlobalSection
EndGlobal
